// !$*UTF8*$!
{
	archiveVersion = 1;
	classes = {
	};
	objectVersion = 46;
	objects = {

/* Begin PBXBuildFile section */
		35E39DED1B68FBBA008336FF /* main.m in Sources */ = {isa = PBXBuildFile; fileRef = 35E39DEC1B68FBBA008336FF /* main.m */; };
		35E39DF01B68FBBA008336FF /* AppDelegate.m in Sources */ = {isa = PBXBuildFile; fileRef = 35E39DEF1B68FBBA008336FF /* AppDelegate.m */; };
		35E39DF31B68FBBA008336FF /* ViewController.m in Sources */ = {isa = PBXBuildFile; fileRef = 35E39DF21B68FBBA008336FF /* ViewController.m */; };
		35E39DF61B68FBBA008336FF /* Main.storyboard in Resources */ = {isa = PBXBuildFile; fileRef = 35E39DF41B68FBBA008336FF /* Main.storyboard */; };
		35E39DF81B68FBBA008336FF /* Images.xcassets in Resources */ = {isa = PBXBuildFile; fileRef = 35E39DF71B68FBBA008336FF /* Images.xcassets */; };
		35E39DFB1B68FBBA008336FF /* LaunchScreen.xib in Resources */ = {isa = PBXBuildFile; fileRef = 35E39DF91B68FBBA008336FF /* LaunchScreen.xib */; };
		35E39E071B68FBBA008336FF /* UIProgressTestTests.m in Sources */ = {isa = PBXBuildFile; fileRef = 35E39E061B68FBBA008336FF /* UIProgressTestTests.m */; };
/* End PBXBuildFile section */

/* Begin PBXContainerItemProxy section */
		35E39E011B68FBBA008336FF /* PBXContainerItemProxy */ = {
			isa = PBXContainerItemProxy;
			containerPortal = 35E39DDF1B68FBBA008336FF /* Project object */;
			proxyType = 1;
			remoteGlobalIDString = 35E39DE61B68FBBA008336FF;
			remoteInfo = UIProgressTest;
		};
/* End PBXContainerItemProxy section */

/* Begin PBXFileReference section */
		35E39DE71B68FBBA008336FF /* UIProgressTest.app */ = {isa = PBXFileReference; explicitFileType = wrapper.application; includeInIndex = 0; path = UIProgressTest.app; sourceTree = BUILT_PRODUCTS_DIR; };
		35E39DEB1B68FBBA008336FF /* Info.plist */ = {isa = PBXFileReference; lastKnownFileType = text.plist.xml; path = Info.plist; sourceTree = "<group>"; };
		35E39DEC1B68FBBA008336FF /* main.m */ = {isa = PBXFileReference; lastKnownFileType = sourcecode.c.objc; path = main.m; sourceTree = "<group>"; };
		35E39DEE1B68FBBA008336FF /* AppDelegate.h */ = {isa = PBXFileReference; lastKnownFileType = sourcecode.c.h; path = AppDelegate.h; sourceTree = "<group>"; };
		35E39DEF1B68FBBA008336FF /* AppDelegate.m */ = {isa = PBXFileReference; lastKnownFileType = sourcecode.c.objc; path = AppDelegate.m; sourceTree = "<group>"; };
		35E39DF11B68FBBA008336FF /* ViewController.h */ = {isa = PBXFileReference; lastKnownFileType = sourcecode.c.h; path = ViewController.h; sourceTree = "<group>"; };
		35E39DF21B68FBBA008336FF /* ViewController.m */ = {isa = PBXFileReference; lastKnownFileType = sourcecode.c.objc; path = ViewController.m; sourceTree = "<group>"; };
		35E39DF51B68FBBA008336FF /* Base */ = {isa = PBXFileReference; lastKnownFileType = file.storyboard; name = Base; path = Base.lproj/Main.storyboard; sourceTree = "<group>"; };
		35E39DF71B68FBBA008336FF /* Images.xcassets */ = {isa = PBXFileReference; lastKnownFileType = folder.assetcatalog; path = Images.xcassets; sourceTree = "<group>"; };
		35E39DFA1B68FBBA008336FF /* Base */ = {isa = PBXFileReference; lastKnownFileType = file.xib; name = Base; path = Base.lproj/LaunchScreen.xib; sourceTree = "<group>"; };
		35E39E001B68FBBA008336FF /* UIProgressTestTests.xctest */ = {isa = PBXFileReference; explicitFileType = wrapper.cfbundle; includeInIndex = 0; path = UIProgressTestTests.xctest; sourceTree = BUILT_PRODUCTS_DIR; };
		35E39E051B68FBBA008336FF /* Info.plist */ = {isa = PBXFileReference; lastKnownFileType = text.plist.xml; path = Info.plist; sourceTree = "<group>"; };
		35E39E061B68FBBA008336FF /* UIProgressTestTests.m */ = {isa = PBXFileReference; lastKnownFileType = sourcecode.c.objc; path = UIProgressTestTests.m; sourceTree = "<group>"; };
/* End PBXFileReference section */

/* Begin PBXFrameworksBuildPhase section */
		35E39DE41B68FBBA008336FF /* Frameworks */ = {
			isa = PBXFrameworksBuildPhase;
			buildActionMask = 2147483647;
			files = (
			);
			runOnlyForDeploymentPostprocessing = 0;
		};
		35E39DFD1B68FBBA008336FF /* Frameworks */ = {
			isa = PBXFrameworksBuildPhase;
			buildActionMask = 2147483647;
			files = (
			);
			runOnlyForDeploymentPostprocessing = 0;
		};
/* End PBXFrameworksBuildPhase section */

/* Begin PBXGroup section */
		35E39DDE1B68FBBA008336FF = {
			isa = PBXGroup;
			children = (
				35E39DE91B68FBBA008336FF /* UIProgressTest */,
				35E39E031B68FBBA008336FF /* UIProgressTestTests */,
				35E39DE81B68FBBA008336FF /* Products */,
			);
			sourceTree = "<group>";
		};
		35E39DE81B68FBBA008336FF /* Products */ = {
			isa = PBXGroup;
			children = (
				35E39DE71B68FBBA008336FF /* UIProgressTest.app */,
				35E39E001B68FBBA008336FF /* UIProgressTestTests.xctest */,
			);
			name = Products;
			sourceTree = "<group>";
		};
		35E39DE91B68FBBA008336FF /* UIProgressTest */ = {
			isa = PBXGroup;
			children = (
				35E39DEE1B68FBBA008336FF /* AppDelegate.h */,
				35E39DEF1B68FBBA008336FF /* AppDelegate.m */,
				35E39DF11B68FBBA008336FF /* ViewController.h */,
				35E39DF21B68FBBA008336FF /* ViewController.m */,
				35E39DF41B68FBBA008336FF /* Main.storyboard */,
				35E39DF71B68FBBA008336FF /* Images.xcassets */,
				35E39DF91B68FBBA008336FF /* LaunchScreen.xib */,
				35E39DEA1B68FBBA008336FF /* Supporting Files */,
			);
			path = UIProgressTest;
			sourceTree = "<group>";
		};
		35E39DEA1B68FBBA008336FF /* Supporting Files */ = {
			isa = PBXGroup;
			children = (
				35E39DEB1B68FBBA008336FF /* Info.plist */,
				35E39DEC1B68FBBA008336FF /* main.m */,
			);
			name = "Supporting Files";
			sourceTree = "<group>";
		};
		35E39E031B68FBBA008336FF /* UIProgressTestTests */ = {
			isa = PBXGroup;
			children = (
				35E39E061B68FBBA008336FF /* UIProgressTestTests.m */,
				35E39E041B68FBBA008336FF /* Supporting Files */,
			);
			path = UIProgressTestTests;
			sourceTree = "<group>";
		};
		35E39E041B68FBBA008336FF /* Supporting Files */ = {
			isa = PBXGroup;
			children = (
				35E39E051B68FBBA008336FF /* Info.plist */,
			);
			name = "Supporting Files";
			sourceTree = "<group>";
		};
/* End PBXGroup section */

/* Begin PBXNativeTarget section */
		35E39DE61B68FBBA008336FF /* UIProgressTest */ = {
			isa = PBXNativeTarget;
			buildConfigurationList = 35E39E0A1B68FBBA008336FF /* Build configuration list for PBXNativeTarget "UIProgressTest" */;
			buildPhases = (
				35E39DE31B68FBBA008336FF /* Sources */,
				35E39DE41B68FBBA008336FF /* Frameworks */,
				35E39DE51B68FBBA008336FF /* Resources */,
			);
			buildRules = (
			);
			dependencies = (
			);
			name = UIProgressTest;
			productName = UIProgressTest;
			productReference = 35E39DE71B68FBBA008336FF /* UIProgressTest.app */;
			productType = "com.apple.product-type.application";
		};
		35E39DFF1B68FBBA008336FF /* UIProgressTestTests */ = {
			isa = PBXNativeTarget;
			buildConfigurationList = 35E39E0D1B68FBBA008336FF /* Build configuration list for PBXNativeTarget "UIProgressTestTests" */;
			buildPhases = (
				35E39DFC1B68FBBA008336FF /* Sources */,
				35E39DFD1B68FBBA008336FF /* Frameworks */,
				35E39DFE1B68FBBA008336FF /* Resources */,
			);
			buildRules = (
			);
			dependencies = (
				35E39E021B68FBBA008336FF /* PBXTargetDependency */,
			);
			name = UIProgressTestTests;
			productName = UIProgressTestTests;
			productReference = 35E39E001B68FBBA008336FF /* UIProgressTestTests.xctest */;
			productType = "com.apple.product-type.bundle.unit-test";
		};
/* End PBXNativeTarget section */

/* Begin PBXProject section */
		35E39DDF1B68FBBA008336FF /* Project object */ = {
			isa = PBXProject;
			attributes = {
				LastUpgradeCheck = 0640;
				ORGANIZATIONNAME = "赵磊";
				TargetAttributes = {
					35E39DE61B68FBBA008336FF = {
						CreatedOnToolsVersion = 6.4;
					};
					35E39DFF1B68FBBA008336FF = {
						CreatedOnToolsVersion = 6.4;
						TestTargetID = 35E39DE61B68FBBA008336FF;
					};
				};
			};
			buildConfigurationList = 35E39DE21B68FBBA008336FF /* Build configuration list for PBXProject "UIProgressTest" */;
			compatibilityVersion = "Xcode 3.2";
			developmentRegion = English;
			hasScannedForEncodings = 0;
			knownRegions = (
				en,
				Base,
			);
			mainGroup = 35E39DDE1B68FBBA008336FF;
			productRefGroup = 35E39DE81B68FBBA008336FF /* Products */;
			projectDirPath = "";
			projectRoot = "";
			targets = (
				35E39DE61B68FBBA008336FF /* UIProgressTest */,
				35E39DFF1B68FBBA008336FF /* UIProgressTestTests */,
			);
		};
/* End PBXProject section */

/* Begin PBXResourcesBuildPhase section */
		35E39DE51B68FBBA008336FF /* Resources */ = {
			isa = PBXResourcesBuildPhase;
			buildActionMask = 2147483647;
			files = (
				35E39DF61B68FBBA008336FF /* Main.storyboard in Resources */,
				35E39DFB1B68FBBA008336FF /* LaunchScreen.xib in Resources */,
				35E39DF81B68FBBA008336FF /* Images.xcassets in Resources */,
			);
			runOnlyForDeploymentPostprocessing = 0;
		};
		35E39DFE1B68FBBA008336FF /* Resources */ = {
			isa = PBXResourcesBuildPhase;
			buildActionMask = 2147483647;
			files = (
			);
			runOnlyForDeploymentPostprocessing = 0;
		};
/* End PBXResourcesBuildPhase section */

/* Begin PBXSourcesBuildPhase section */
		35E39DE31B68FBBA008336FF /* Sources */ = {
			isa = PBXSourcesBuildPhase;
			buildActionMask = 2147483647;
			files = (
				35E39DF31B68FBBA008336FF /* ViewController.m in Sources */,
				35E39DF01B68FBBA008336FF /* AppDelegate.m in Sources */,
				35E39DED1B68FBBA008336FF /* main.m in Sources */,
			);
			runOnlyForDeploymentPostprocessing = 0;
		};
		35E39DFC1B68FBBA008336FF /* Sources */ = {
			isa = PBXSourcesBuildPhase;
			buildActionMask = 2147483647;
			files = (
				35E39E071B68FBBA008336FF /* UIProgressTestTests.m in Sources */,
			);
			runOnlyForDeploymentPostprocessing = 0;
		};
/* End PBXSourcesBuildPhase section */

/* Begin PBXTargetDependency section */
		35E39E021B68FBBA008336FF /* PBXTargetDependency */ = {
			isa = PBXTargetDependency;
			target = 35E39DE61B68FBBA008336FF /* UIProgressTest */;
			targetProxy = 35E39E011B68FBBA008336FF /* PBXContainerItemProxy */;
		};
/* End PBXTargetDependency section */

/* Begin PBXVariantGroup section */
		35E39DF41B68FBBA008336FF /* Main.storyboard */ = {
			isa = PBXVariantGroup;
			children = (
				35E39DF51B68FBBA008336FF /* Base */,
			);
			name = Main.storyboard;
			sourceTree = "<group>";
		};
		35E39DF91B68FBBA008336FF /* LaunchScreen.xib */ = {
			isa = PBXVariantGroup;
			children = (
				35E39DFA1B68FBBA008336FF /* Base */,
			);
			name = LaunchScreen.xib;
			sourceTree = "<group>";
		};
/* End PBXVariantGroup section */

/* Begin XCBuildConfiguration section */
		35E39E081B68FBBA008336FF /* Debug */ = {
			isa = XCBuildConfiguration;
			buildSettings = {
				ALWAYS_SEARCH_USER_PATHS = NO;
				CLANG_CXX_LANGUAGE_STANDARD = "gnu++0x";
				CLANG_CXX_LIBRARY = "libc++";
				CLANG_ENABLE_MODULES = YES;
				CLANG_ENABLE_OBJC_ARC = YES;
				CLANG_WARN_BOOL_CONVERSION = YES;
				CLANG_WARN_CONSTANT_CONVERSION = YES;
				CLANG_WARN_DIRECT_OBJC_ISA_USAGE = YES_ERROR;
				CLANG_WARN_EMPTY_BODY = YES;
				CLANG_WARN_ENUM_CONVERSION = YES;
				CLANG_WARN_INT_CONVERSION = YES;
				CLANG_WARN_OBJC_ROOT_CLASS = YES_ERROR;
				CLANG_WARN_UNREACHABLE_CODE = YES;
				CLANG_WARN__DUPLICATE_METHOD_MATCH = YES;
				"CODE_SIGN_IDENTITY[sdk=iphoneos*]" = "iPhone Developer";
				COPY_PHASE_STRIP = NO;
				DEBUG_INFORMATION_FORMAT = "dwarf-with-dsym";
				ENABLE_STRICT_OBJC_MSGSEND = YES;
				GCC_C_LANGUAGE_STANDARD = gnu99;
				GCC_DYNAMIC_NO_PIC = NO;
				GCC_NO_COMMON_BLOCKS = YES;
				GCC_OPTIMIZATION_LEVEL = 0;
				GCC_PREPROCESSOR_DEFINITIONS = (
					"DEBUG=1",
					"$(inherited)",
				);
				GCC_SYMBOLS_PRIVATE_EXTERN = NO;
				GCC_WARN_64_TO_32_BIT_CONVERSION = YES;
				GCC_WARN_ABOUT_RETURN_TYPE = YES_ERROR;
				GCC_WARN_UNDECLARED_SELECTOR = YES;
				GCC_WARN_UNINITIALIZED_AUTOS = YES_AGGRESSIVE;
				GCC_WARN_UNUSED_FUNCTION = YES;
				GCC_WARN_UNUSED_VARIABLE = YES;
				IPHONEOS_DEPLOYMENT_TARGET = 8.4;
				MTL_ENABLE_DEBUG_INFO = YES;
				ONLY_ACTIVE_ARCH = YES;
				SDKROOT = iphoneos;
			};
			name = Debug;
		};
		35E39E091B68FBBA008336FF /* Release */ = {
			isa = XCBuildConfiguration;
			buildSettings = {
				ALWAYS_SEARCH_USER_PATHS = NO;
				CLANG_CXX_LANGUAGE_STANDARD = "gnu++0x";
				CLANG_CXX_LIBRARY = "libc++";
				CLANG_ENABLE_MODULES = YES;
				CLANG_ENABLE_OBJC_ARC = YES;
				CLANG_WARN_BOOL_CONVERSION = YES;
				CLANG_WARN_CONSTANT_CONVERSION = YES;
				CLANG_WARN_DIRECT_OBJC_ISA_USAGE = YES_ERROR;
				CLANG_WARN_EMPTY_BODY = YES;
				CLANG_WARN_ENUM_CONVERSION = YES;
				CLANG_WARN_INT_CONVERSION = YES;
				CLANG_WARN_OBJC_ROOT_CLASS = YES_ERROR;
				CLANG_WARN_UNREACHABLE_CODE = YES;
				CLANG_WARN__DUPLICATE_METHOD_MATCH = YES;
				"CODE_SIGN_IDENTITY[sdk=iphoneos*]" = "iPhone Developer";
				COPY_PHASE_STRIP = NO;
				DEBUG_INFORMATION_FORMAT = "dwarf-with-dsym";
				ENABLE_NS_ASSERTIONS = NO;
				ENABLE_STRICT_OBJC_MSGSEND = YES;
				GCC_C_LANGUAGE_STANDARD = gnu99;
				GCC_NO_COMMON_BLOCKS = YES;
				GCC_WARN_64_TO_32_BIT_CONVERSION = YES;
				GCC_WARN_ABOUT_RETURN_TYPE = YES_ERROR;
				GCC_WARN_UNDECLARED_SELECTOR = YES;
				GCC_WARN_UNINITIALIZED_AUTOS = YES_AGGRESSIVE;
				GCC_WARN_UNUSED_FUNCTION = YES;
				GCC_WARN_UNUSED_VARIABLE = YES;
				IPHONEOS_DEPLOYMENT_TARGET = 8.4;
				MTL_ENABLE_DEBUG_INFO = NO;
				SDKROOT = iphoneos;
				VALIDATE_PRODUCT = YES;
			};
			name = Release;
		};
		35E39E0B1B68FBBA008336FF /* Debug */ = {
			isa = XCBuildConfiguration;
			buildSettings = {
				ASSETCATALOG_COMPILER_APPICON_NAME = AppIcon;
				INFOPLIST_FILE = UIProgressTest/Info.plist;
				LD_RUNPATH_SEARCH_PATHS = "$(inherited) @executable_path/Frameworks";
				PRODUCT_NAME = "$(TARGET_NAME)";
			};
			name = Debug;
		};
		35E39E0C1B68FBBA008336FF /* Release */ = {
			isa = XCBuildConfiguration;
			buildSettings = {
				ASSETCATALOG_COMPILER_APPICON_NAME = AppIcon;
				INFOPLIST_FILE = UIProgressTest/Info.plist;
				LD_RUNPATH_SEARCH_PATHS = "$(inherited) @executable_path/Frameworks";
				PRODUCT_NAME = "$(TARGET_NAME)";
			};
			name = Release;
		};
		35E39E0E1B68FBBA008336FF /* Debug */ = {
			isa = XCBuildConfiguration;
			buildSettings = {
				BUNDLE_LOADER = "$(TEST_HOST)";
				FRAMEWORK_SEARCH_PATHS = (
					"$(SDKROOT)/Developer/Library/Frameworks",
					"$(inherited)",
				);
				GCC_PREPROCESSOR_DEFINITIONS = (
					"DEBUG=1",
					"$(inherited)",
				);
				INFOPLIST_FILE = UIProgressTestTests/Info.plist;
				LD_RUNPATH_SEARCH_PATHS = "$(inherited) @executable_path/Frameworks @loader_path/Frameworks";
				PRODUCT_NAME = "$(TARGET_NAME)";
				TEST_HOST = "$(BUILT_PRODUCTS_DIR)/UIProgressTest.app/UIProgressTest";
			};
			name = Debug;
		};
		35E39E0F1B68FBBA008336FF /* Release */ = {
			isa = XCBuildConfiguration;
			buildSettings = {
				BUNDLE_LOADER = "$(TEST_HOST)";
				FRAMEWORK_SEARCH_PATHS = (
					"$(SDKROOT)/Developer/Library/Frameworks",
					"$(inherited)",
				);
				INFOPLIST_FILE = UIProgressTestTests/Info.plist;
				LD_RUNPATH_SEARCH_PATHS = "$(inherited) @executable_path/Frameworks @loader_path/Frameworks";
				PRODUCT_NAME = "$(TARGET_NAME)";
				TEST_HOST = "$(BUILT_PRODUCTS_DIR)/UIProgressTest.app/UIProgressTest";
			};
			name = Release;
		};
/* End XCBuildConfiguration section */

/* Begin XCConfigurationList section */
		35E39DE21B68FBBA008336FF /* Build configuration list for PBXProject "UIProgressTest" */ = {
			isa = XCConfigurationList;
			buildConfigurations = (
				35E39E081B68FBBA008336FF /* Debug */,
				35E39E091B68FBBA008336FF /* Release */,
			);
			defaultConfigurationIsVisible = 0;
			defaultConfigurationName = Release;
		};
		35E39E0A1B68FBBA008336FF /* Build configuration list for PBXNativeTarget "UIProgressTest" */ = {
			isa = XCConfigurationList;
			buildConfigurations = (
				35E39E0B1B68FBBA008336FF /* Debug */,
				35E39E0C1B68FBBA008336FF /* Release */,
			);
			defaultConfigurationIsVisible = 0;
		};
		35E39E0D1B68FBBA008336FF /* Build configuration list for PBXNativeTarget "UIProgressTestTests" */ = {
			isa = XCConfigurationList;
			buildConfigurations = (
				35E39E0E1B68FBBA008336FF /* Debug */,
				35E39E0F1B68FBBA008336FF /* Release */,
			);
			defaultConfigurationIsVisible = 0;
		};
/* End XCConfigurationList section */
	};
	rootObject = 35E39DDF1B68FBBA008336FF /* Project object */;
}
