// !$*UTF8*$!
{
	archiveVersion = 1;
	classes = {
	};
	objectVersion = 46;
	objects = {

/* Begin PBXBuildFile section */
		357B44621B6365A800BCEA69 /* main.m in Sources */ = {isa = PBXBuildFile; fileRef = 357B44611B6365A800BCEA69 /* main.m */; };
		357B44651B6365A800BCEA69 /* AppDelegate.m in Sources */ = {isa = PBXBuildFile; fileRef = 357B44641B6365A800BCEA69 /* AppDelegate.m */; };
		357B44681B6365A800BCEA69 /* ViewController.m in Sources */ = {isa = PBXBuildFile; fileRef = 357B44671B6365A800BCEA69 /* ViewController.m */; };
		357B446B1B6365A800BCEA69 /* Main.storyboard in Resources */ = {isa = PBXBuildFile; fileRef = 357B44691B6365A800BCEA69 /* Main.storyboard */; };
		357B446D1B6365A800BCEA69 /* Images.xcassets in Resources */ = {isa = PBXBuildFile; fileRef = 357B446C1B6365A800BCEA69 /* Images.xcassets */; };
		357B44701B6365A800BCEA69 /* LaunchScreen.xib in Resources */ = {isa = PBXBuildFile; fileRef = 357B446E1B6365A800BCEA69 /* LaunchScreen.xib */; };
		357B447C1B6365A800BCEA69 /* OrderConfirmTests.m in Sources */ = {isa = PBXBuildFile; fileRef = 357B447B1B6365A800BCEA69 /* OrderConfirmTests.m */; };
/* End PBXBuildFile section */

/* Begin PBXContainerItemProxy section */
		357B44761B6365A800BCEA69 /* PBXContainerItemProxy */ = {
			isa = PBXContainerItemProxy;
			containerPortal = 357B44541B6365A800BCEA69 /* Project object */;
			proxyType = 1;
			remoteGlobalIDString = 357B445B1B6365A800BCEA69;
			remoteInfo = OrderConfirm;
		};
/* End PBXContainerItemProxy section */

/* Begin PBXFileReference section */
		357B445C1B6365A800BCEA69 /* OrderConfirm.app */ = {isa = PBXFileReference; explicitFileType = wrapper.application; includeInIndex = 0; path = OrderConfirm.app; sourceTree = BUILT_PRODUCTS_DIR; };
		357B44601B6365A800BCEA69 /* Info.plist */ = {isa = PBXFileReference; lastKnownFileType = text.plist.xml; path = Info.plist; sourceTree = "<group>"; };
		357B44611B6365A800BCEA69 /* main.m */ = {isa = PBXFileReference; lastKnownFileType = sourcecode.c.objc; path = main.m; sourceTree = "<group>"; };
		357B44631B6365A800BCEA69 /* AppDelegate.h */ = {isa = PBXFileReference; lastKnownFileType = sourcecode.c.h; path = AppDelegate.h; sourceTree = "<group>"; };
		357B44641B6365A800BCEA69 /* AppDelegate.m */ = {isa = PBXFileReference; lastKnownFileType = sourcecode.c.objc; path = AppDelegate.m; sourceTree = "<group>"; };
		357B44661B6365A800BCEA69 /* ViewController.h */ = {isa = PBXFileReference; lastKnownFileType = sourcecode.c.h; path = ViewController.h; sourceTree = "<group>"; };
		357B44671B6365A800BCEA69 /* ViewController.m */ = {isa = PBXFileReference; lastKnownFileType = sourcecode.c.objc; path = ViewController.m; sourceTree = "<group>"; };
		357B446A1B6365A800BCEA69 /* Base */ = {isa = PBXFileReference; lastKnownFileType = file.storyboard; name = Base; path = Base.lproj/Main.storyboard; sourceTree = "<group>"; };
		357B446C1B6365A800BCEA69 /* Images.xcassets */ = {isa = PBXFileReference; lastKnownFileType = folder.assetcatalog; path = Images.xcassets; sourceTree = "<group>"; };
		357B446F1B6365A800BCEA69 /* Base */ = {isa = PBXFileReference; lastKnownFileType = file.xib; name = Base; path = Base.lproj/LaunchScreen.xib; sourceTree = "<group>"; };
		357B44751B6365A800BCEA69 /* OrderConfirmTests.xctest */ = {isa = PBXFileReference; explicitFileType = wrapper.cfbundle; includeInIndex = 0; path = OrderConfirmTests.xctest; sourceTree = BUILT_PRODUCTS_DIR; };
		357B447A1B6365A800BCEA69 /* Info.plist */ = {isa = PBXFileReference; lastKnownFileType = text.plist.xml; path = Info.plist; sourceTree = "<group>"; };
		357B447B1B6365A800BCEA69 /* OrderConfirmTests.m */ = {isa = PBXFileReference; lastKnownFileType = sourcecode.c.objc; path = OrderConfirmTests.m; sourceTree = "<group>"; };
/* End PBXFileReference section */

/* Begin PBXFrameworksBuildPhase section */
		357B44591B6365A800BCEA69 /* Frameworks */ = {
			isa = PBXFrameworksBuildPhase;
			buildActionMask = 2147483647;
			files = (
			);
			runOnlyForDeploymentPostprocessing = 0;
		};
		357B44721B6365A800BCEA69 /* Frameworks */ = {
			isa = PBXFrameworksBuildPhase;
			buildActionMask = 2147483647;
			files = (
			);
			runOnlyForDeploymentPostprocessing = 0;
		};
/* End PBXFrameworksBuildPhase section */

/* Begin PBXGroup section */
		357B44531B6365A800BCEA69 = {
			isa = PBXGroup;
			children = (
				357B445E1B6365A800BCEA69 /* OrderConfirm */,
				357B44781B6365A800BCEA69 /* OrderConfirmTests */,
				357B445D1B6365A800BCEA69 /* Products */,
			);
			sourceTree = "<group>";
		};
		357B445D1B6365A800BCEA69 /* Products */ = {
			isa = PBXGroup;
			children = (
				357B445C1B6365A800BCEA69 /* OrderConfirm.app */,
				357B44751B6365A800BCEA69 /* OrderConfirmTests.xctest */,
			);
			name = Products;
			sourceTree = "<group>";
		};
		357B445E1B6365A800BCEA69 /* OrderConfirm */ = {
			isa = PBXGroup;
			children = (
				357B44631B6365A800BCEA69 /* AppDelegate.h */,
				357B44641B6365A800BCEA69 /* AppDelegate.m */,
				357B44661B6365A800BCEA69 /* ViewController.h */,
				357B44671B6365A800BCEA69 /* ViewController.m */,
				357B44691B6365A800BCEA69 /* Main.storyboard */,
				357B446C1B6365A800BCEA69 /* Images.xcassets */,
				357B446E1B6365A800BCEA69 /* LaunchScreen.xib */,
				357B445F1B6365A800BCEA69 /* Supporting Files */,
			);
			path = OrderConfirm;
			sourceTree = "<group>";
		};
		357B445F1B6365A800BCEA69 /* Supporting Files */ = {
			isa = PBXGroup;
			children = (
				357B44601B6365A800BCEA69 /* Info.plist */,
				357B44611B6365A800BCEA69 /* main.m */,
			);
			name = "Supporting Files";
			sourceTree = "<group>";
		};
		357B44781B6365A800BCEA69 /* OrderConfirmTests */ = {
			isa = PBXGroup;
			children = (
				357B447B1B6365A800BCEA69 /* OrderConfirmTests.m */,
				357B44791B6365A800BCEA69 /* Supporting Files */,
			);
			path = OrderConfirmTests;
			sourceTree = "<group>";
		};
		357B44791B6365A800BCEA69 /* Supporting Files */ = {
			isa = PBXGroup;
			children = (
				357B447A1B6365A800BCEA69 /* Info.plist */,
			);
			name = "Supporting Files";
			sourceTree = "<group>";
		};
/* End PBXGroup section */

/* Begin PBXNativeTarget section */
		357B445B1B6365A800BCEA69 /* OrderConfirm */ = {
			isa = PBXNativeTarget;
			buildConfigurationList = 357B447F1B6365A800BCEA69 /* Build configuration list for PBXNativeTarget "OrderConfirm" */;
			buildPhases = (
				357B44581B6365A800BCEA69 /* Sources */,
				357B44591B6365A800BCEA69 /* Frameworks */,
				357B445A1B6365A800BCEA69 /* Resources */,
			);
			buildRules = (
			);
			dependencies = (
			);
			name = OrderConfirm;
			productName = OrderConfirm;
			productReference = 357B445C1B6365A800BCEA69 /* OrderConfirm.app */;
			productType = "com.apple.product-type.application";
		};
		357B44741B6365A800BCEA69 /* OrderConfirmTests */ = {
			isa = PBXNativeTarget;
			buildConfigurationList = 357B44821B6365A800BCEA69 /* Build configuration list for PBXNativeTarget "OrderConfirmTests" */;
			buildPhases = (
				357B44711B6365A800BCEA69 /* Sources */,
				357B44721B6365A800BCEA69 /* Frameworks */,
				357B44731B6365A800BCEA69 /* Resources */,
			);
			buildRules = (
			);
			dependencies = (
				357B44771B6365A800BCEA69 /* PBXTargetDependency */,
			);
			name = OrderConfirmTests;
			productName = OrderConfirmTests;
			productReference = 357B44751B6365A800BCEA69 /* OrderConfirmTests.xctest */;
			productType = "com.apple.product-type.bundle.unit-test";
		};
/* End PBXNativeTarget section */

/* Begin PBXProject section */
		357B44541B6365A800BCEA69 /* Project object */ = {
			isa = PBXProject;
			attributes = {
				LastUpgradeCheck = 0640;
				ORGANIZATIONNAME = "赵磊";
				TargetAttributes = {
					357B445B1B6365A800BCEA69 = {
						CreatedOnToolsVersion = 6.4;
					};
					357B44741B6365A800BCEA69 = {
						CreatedOnToolsVersion = 6.4;
						TestTargetID = 357B445B1B6365A800BCEA69;
					};
				};
			};
			buildConfigurationList = 357B44571B6365A800BCEA69 /* Build configuration list for PBXProject "OrderConfirm" */;
			compatibilityVersion = "Xcode 3.2";
			developmentRegion = English;
			hasScannedForEncodings = 0;
			knownRegions = (
				en,
				Base,
			);
			mainGroup = 357B44531B6365A800BCEA69;
			productRefGroup = 357B445D1B6365A800BCEA69 /* Products */;
			projectDirPath = "";
			projectRoot = "";
			targets = (
				357B445B1B6365A800BCEA69 /* OrderConfirm */,
				357B44741B6365A800BCEA69 /* OrderConfirmTests */,
			);
		};
/* End PBXProject section */

/* Begin PBXResourcesBuildPhase section */
		357B445A1B6365A800BCEA69 /* Resources */ = {
			isa = PBXResourcesBuildPhase;
			buildActionMask = 2147483647;
			files = (
				357B446B1B6365A800BCEA69 /* Main.storyboard in Resources */,
				357B44701B6365A800BCEA69 /* LaunchScreen.xib in Resources */,
				357B446D1B6365A800BCEA69 /* Images.xcassets in Resources */,
			);
			runOnlyForDeploymentPostprocessing = 0;
		};
		357B44731B6365A800BCEA69 /* Resources */ = {
			isa = PBXResourcesBuildPhase;
			buildActionMask = 2147483647;
			files = (
			);
			runOnlyForDeploymentPostprocessing = 0;
		};
/* End PBXResourcesBuildPhase section */

/* Begin PBXSourcesBuildPhase section */
		357B44581B6365A800BCEA69 /* Sources */ = {
			isa = PBXSourcesBuildPhase;
			buildActionMask = 2147483647;
			files = (
				357B44681B6365A800BCEA69 /* ViewController.m in Sources */,
				357B44651B6365A800BCEA69 /* AppDelegate.m in Sources */,
				357B44621B6365A800BCEA69 /* main.m in Sources */,
			);
			runOnlyForDeploymentPostprocessing = 0;
		};
		357B44711B6365A800BCEA69 /* Sources */ = {
			isa = PBXSourcesBuildPhase;
			buildActionMask = 2147483647;
			files = (
				357B447C1B6365A800BCEA69 /* OrderConfirmTests.m in Sources */,
			);
			runOnlyForDeploymentPostprocessing = 0;
		};
/* End PBXSourcesBuildPhase section */

/* Begin PBXTargetDependency section */
		357B44771B6365A800BCEA69 /* PBXTargetDependency */ = {
			isa = PBXTargetDependency;
			target = 357B445B1B6365A800BCEA69 /* OrderConfirm */;
			targetProxy = 357B44761B6365A800BCEA69 /* PBXContainerItemProxy */;
		};
/* End PBXTargetDependency section */

/* Begin PBXVariantGroup section */
		357B44691B6365A800BCEA69 /* Main.storyboard */ = {
			isa = PBXVariantGroup;
			children = (
				357B446A1B6365A800BCEA69 /* Base */,
			);
			name = Main.storyboard;
			sourceTree = "<group>";
		};
		357B446E1B6365A800BCEA69 /* LaunchScreen.xib */ = {
			isa = PBXVariantGroup;
			children = (
				357B446F1B6365A800BCEA69 /* Base */,
			);
			name = LaunchScreen.xib;
			sourceTree = "<group>";
		};
/* End PBXVariantGroup section */

/* Begin XCBuildConfiguration section */
		357B447D1B6365A800BCEA69 /* Debug */ = {
			isa = XCBuildConfiguration;
			buildSettings = {
				ALWAYS_SEARCH_USER_PATHS = NO;
				CLANG_CXX_LANGUAGE_STANDARD = "gnu++0x";
				CLANG_CXX_LIBRARY = "libc++";
				CLANG_ENABLE_MODULES = YES;
				CLANG_ENABLE_OBJC_ARC = YES;
				CLANG_WARN_BOOL_CONVERSION = YES;
				CLANG_WARN_CONSTANT_CONVERSION = YES;
				CLANG_WARN_DIRECT_OBJC_ISA_USAGE = YES_ERROR;
				CLANG_WARN_EMPTY_BODY = YES;
				CLANG_WARN_ENUM_CONVERSION = YES;
				CLANG_WARN_INT_CONVERSION = YES;
				CLANG_WARN_OBJC_ROOT_CLASS = YES_ERROR;
				CLANG_WARN_UNREACHABLE_CODE = YES;
				CLANG_WARN__DUPLICATE_METHOD_MATCH = YES;
				"CODE_SIGN_IDENTITY[sdk=iphoneos*]" = "iPhone Developer";
				COPY_PHASE_STRIP = NO;
				DEBUG_INFORMATION_FORMAT = "dwarf-with-dsym";
				ENABLE_STRICT_OBJC_MSGSEND = YES;
				GCC_C_LANGUAGE_STANDARD = gnu99;
				GCC_DYNAMIC_NO_PIC = NO;
				GCC_NO_COMMON_BLOCKS = YES;
				GCC_OPTIMIZATION_LEVEL = 0;
				GCC_PREPROCESSOR_DEFINITIONS = (
					"DEBUG=1",
					"$(inherited)",
				);
				GCC_SYMBOLS_PRIVATE_EXTERN = NO;
				GCC_WARN_64_TO_32_BIT_CONVERSION = YES;
				GCC_WARN_ABOUT_RETURN_TYPE = YES_ERROR;
				GCC_WARN_UNDECLARED_SELECTOR = YES;
				GCC_WARN_UNINITIALIZED_AUTOS = YES_AGGRESSIVE;
				GCC_WARN_UNUSED_FUNCTION = YES;
				GCC_WARN_UNUSED_VARIABLE = YES;
				IPHONEOS_DEPLOYMENT_TARGET = 8.4;
				MTL_ENABLE_DEBUG_INFO = YES;
				ONLY_ACTIVE_ARCH = YES;
				SDKROOT = iphoneos;
			};
			name = Debug;
		};
		357B447E1B6365A800BCEA69 /* Release */ = {
			isa = XCBuildConfiguration;
			buildSettings = {
				ALWAYS_SEARCH_USER_PATHS = NO;
				CLANG_CXX_LANGUAGE_STANDARD = "gnu++0x";
				CLANG_CXX_LIBRARY = "libc++";
				CLANG_ENABLE_MODULES = YES;
				CLANG_ENABLE_OBJC_ARC = YES;
				CLANG_WARN_BOOL_CONVERSION = YES;
				CLANG_WARN_CONSTANT_CONVERSION = YES;
				CLANG_WARN_DIRECT_OBJC_ISA_USAGE = YES_ERROR;
				CLANG_WARN_EMPTY_BODY = YES;
				CLANG_WARN_ENUM_CONVERSION = YES;
				CLANG_WARN_INT_CONVERSION = YES;
				CLANG_WARN_OBJC_ROOT_CLASS = YES_ERROR;
				CLANG_WARN_UNREACHABLE_CODE = YES;
				CLANG_WARN__DUPLICATE_METHOD_MATCH = YES;
				"CODE_SIGN_IDENTITY[sdk=iphoneos*]" = "iPhone Developer";
				COPY_PHASE_STRIP = NO;
				DEBUG_INFORMATION_FORMAT = "dwarf-with-dsym";
				ENABLE_NS_ASSERTIONS = NO;
				ENABLE_STRICT_OBJC_MSGSEND = YES;
				GCC_C_LANGUAGE_STANDARD = gnu99;
				GCC_NO_COMMON_BLOCKS = YES;
				GCC_WARN_64_TO_32_BIT_CONVERSION = YES;
				GCC_WARN_ABOUT_RETURN_TYPE = YES_ERROR;
				GCC_WARN_UNDECLARED_SELECTOR = YES;
				GCC_WARN_UNINITIALIZED_AUTOS = YES_AGGRESSIVE;
				GCC_WARN_UNUSED_FUNCTION = YES;
				GCC_WARN_UNUSED_VARIABLE = YES;
				IPHONEOS_DEPLOYMENT_TARGET = 8.4;
				MTL_ENABLE_DEBUG_INFO = NO;
				SDKROOT = iphoneos;
				VALIDATE_PRODUCT = YES;
			};
			name = Release;
		};
		357B44801B6365A800BCEA69 /* Debug */ = {
			isa = XCBuildConfiguration;
			buildSettings = {
				ASSETCATALOG_COMPILER_APPICON_NAME = AppIcon;
				INFOPLIST_FILE = OrderConfirm/Info.plist;
				LD_RUNPATH_SEARCH_PATHS = "$(inherited) @executable_path/Frameworks";
				PRODUCT_NAME = "$(TARGET_NAME)";
			};
			name = Debug;
		};
		357B44811B6365A800BCEA69 /* Release */ = {
			isa = XCBuildConfiguration;
			buildSettings = {
				ASSETCATALOG_COMPILER_APPICON_NAME = AppIcon;
				INFOPLIST_FILE = OrderConfirm/Info.plist;
				LD_RUNPATH_SEARCH_PATHS = "$(inherited) @executable_path/Frameworks";
				PRODUCT_NAME = "$(TARGET_NAME)";
			};
			name = Release;
		};
		357B44831B6365A800BCEA69 /* Debug */ = {
			isa = XCBuildConfiguration;
			buildSettings = {
				BUNDLE_LOADER = "$(TEST_HOST)";
				FRAMEWORK_SEARCH_PATHS = (
					"$(SDKROOT)/Developer/Library/Frameworks",
					"$(inherited)",
				);
				GCC_PREPROCESSOR_DEFINITIONS = (
					"DEBUG=1",
					"$(inherited)",
				);
				INFOPLIST_FILE = OrderConfirmTests/Info.plist;
				LD_RUNPATH_SEARCH_PATHS = "$(inherited) @executable_path/Frameworks @loader_path/Frameworks";
				PRODUCT_NAME = "$(TARGET_NAME)";
				TEST_HOST = "$(BUILT_PRODUCTS_DIR)/OrderConfirm.app/OrderConfirm";
			};
			name = Debug;
		};
		357B44841B6365A800BCEA69 /* Release */ = {
			isa = XCBuildConfiguration;
			buildSettings = {
				BUNDLE_LOADER = "$(TEST_HOST)";
				FRAMEWORK_SEARCH_PATHS = (
					"$(SDKROOT)/Developer/Library/Frameworks",
					"$(inherited)",
				);
				INFOPLIST_FILE = OrderConfirmTests/Info.plist;
				LD_RUNPATH_SEARCH_PATHS = "$(inherited) @executable_path/Frameworks @loader_path/Frameworks";
				PRODUCT_NAME = "$(TARGET_NAME)";
				TEST_HOST = "$(BUILT_PRODUCTS_DIR)/OrderConfirm.app/OrderConfirm";
			};
			name = Release;
		};
/* End XCBuildConfiguration section */

/* Begin XCConfigurationList section */
		357B44571B6365A800BCEA69 /* Build configuration list for PBXProject "OrderConfirm" */ = {
			isa = XCConfigurationList;
			buildConfigurations = (
				357B447D1B6365A800BCEA69 /* Debug */,
				357B447E1B6365A800BCEA69 /* Release */,
			);
			defaultConfigurationIsVisible = 0;
			defaultConfigurationName = Release;
		};
		357B447F1B6365A800BCEA69 /* Build configuration list for PBXNativeTarget "OrderConfirm" */ = {
			isa = XCConfigurationList;
			buildConfigurations = (
				357B44801B6365A800BCEA69 /* Debug */,
				357B44811B6365A800BCEA69 /* Release */,
			);
			defaultConfigurationIsVisible = 0;
		};
		357B44821B6365A800BCEA69 /* Build configuration list for PBXNativeTarget "OrderConfirmTests" */ = {
			isa = XCConfigurationList;
			buildConfigurations = (
				357B44831B6365A800BCEA69 /* Debug */,
				357B44841B6365A800BCEA69 /* Release */,
			);
			defaultConfigurationIsVisible = 0;
		};
/* End XCConfigurationList section */
	};
	rootObject = 357B44541B6365A800BCEA69 /* Project object */;
}
